
Microsoft Visual Studio Solution File, Format Version 12.00
# Visual Studio 15
VisualStudioVersion = 15.0.27130.2003
MinimumVisualStudioVersion = 10.0.40219.1
Project("{F2A71F9B-5D33-465A-A702-920D77279786}") = "CardGame", "CardGame\CardGame.fsproj", "{E1A741C3-5747-49D0-BA9F-58471861C21D}"
EndProject
Global
	GlobalSection(SolutionConfigurationPlatforms) = preSolution
		Debug|Any CPU = Debug|Any CPU
		Release|Any CPU = Release|Any CPU
	EndGlobalSection
	GlobalSection(ProjectConfigurationPlatforms) = postSolution
		{E1A741C3-5747-49D0-BA9F-58471861C21D}.Debug|Any CPU.ActiveCfg = Debug|Any CPU
		{E1A741C3-5747-49D0-BA9F-58471861C21D}.Debug|Any CPU.Build.0 = Debug|Any CPU
		{E1A741C3-5747-49D0-BA9F-58471861C21D}.Release|Any CPU.ActiveCfg = Release|Any CPU
		{E1A741C3-5747-49D0-BA9F-58471861C21D}.Release|Any CPU.Build.0 = Release|Any CPU
	EndGlobalSection
	GlobalSection(SolutionProperties) = preSolution
		HideSolutionNode = FALSE
	EndGlobalSection
	GlobalSection(ExtensibilityGlobals) = postSolution
		SolutionGuid = {4B136C1C-F554-43CD-A276-AAA4B4DF5DA5}
	EndGlobalSection
EndGlobal
